
Microsoft Visual Studio Solution File, Format Version 12.00
# Visual Studio Version 17
VisualStudioVersion = 17.2.32526.322
MinimumVisualStudioVersion = 10.0.40219.1
Project("{FAE04EC0-301F-11D3-BF4B-00C04F79EFBC}") = "Film Archive", "Film Archive\Film Archive.csproj", "{70204035-E486-4D7D-AC9D-FABAFB84F348}"
EndProject
Global
	GlobalSection(SolutionConfigurationPlatforms) = preSolution
		Debug|Any CPU = Debug|Any CPU
		Release|Any CPU = Release|Any CPU
	EndGlobalSection
	GlobalSection(ProjectConfigurationPlatforms) = postSolution
		{70204035-E486-4D7D-AC9D-FABAFB84F348}.Debug|Any CPU.ActiveCfg = Debug|Any CPU
		{70204035-E486-4D7D-AC9D-FABAFB84F348}.Debug|Any CPU.Build.0 = Debug|Any CPU
		{70204035-E486-4D7D-AC9D-FABAFB84F348}.Release|Any CPU.ActiveCfg = Release|Any CPU
		{70204035-E486-4D7D-AC9D-FABAFB84F348}.Release|Any CPU.Build.0 = Release|Any CPU
	EndGlobalSection
	GlobalSection(SolutionProperties) = preSolution
		HideSolutionNode = FALSE
	EndGlobalSection
	GlobalSection(ExtensibilityGlobals) = postSolution
		SolutionGuid = {484500E0-F69F-4BA6-B653-6A750224CC39}
	EndGlobalSection
EndGlobal
